{
  "nodes": {
    "flake-utils": {
      "locked": {
        "lastModified": 1642700792,
        "narHash": "sha256-XqHrk7hFb+zBvRg6Ghl+AZDq03ov6OshJLiSWOoX5es=",
        "owner": "numtide",
        "repo": "flake-utils",
        "rev": "846b2ae0fc4cc943637d3d1def4454213e203cba",
        "type": "github"
      },
      "original": {
        "owner": "numtide",
        "repo": "flake-utils",
        "type": "github"
      }
    },
    "flake-utils_2": {
      "locked": {
        "lastModified": 1638122382,
        "narHash": "sha256-sQzZzAbvKEqN9s0bzWuYmRaA03v40gaJ4+iL1LXjaeI=",
        "owner": "numtide",
        "repo": "flake-utils",
        "rev": "74f7e4319258e287b0f9cb95426c9853b282730b",
        "type": "github"
      },
      "original": {
        "owner": "numtide",
        "repo": "flake-utils",
        "type": "github"
      }
    },
    "googleapis": {
      "flake": false,
      "locked": {
        "lastModified": 1643994102,
        "narHash": "sha256-Cxuswi+f37Wq6etEGadb1t5p6qV2B8MGN22rdf1Y4vw=",
        "owner": "googleapis",
        "repo": "googleapis",
        "rev": "1f707ab5f82f83644f2812f5f3d94462c72f9870",
        "type": "github"
      },
      "original": {
        "owner": "googleapis",
        "repo": "googleapis",
        "type": "github"
      }
    },
    "lnrpc": {
      "flake": false,
      "locked": {
        "lastModified": 1643919440,
        "narHash": "sha256-ic4n50cEYeILFIc8TcnGqBkud4ZQ/5Gu6OeUIdtY6R4=",
        "owner": "lightningnetwork",
        "repo": "lnd",
        "rev": "f6ba5be35193819e30666475505d36cf11d28530",
        "type": "github"
      },
      "original": {
        "owner": "lightningnetwork",
        "repo": "lnd",
        "type": "github"
      }
    },
    "nix2container": {
      "inputs": {
        "flake-utils": "flake-utils_2",
        "nixpkgs": "nixpkgs"
      },
      "locked": {
        "lastModified": 1646815315,
        "narHash": "sha256-yLStiVtiovuhsfwfYAGQOoUTwAcwpGCjASvipRlttUE=",
        "owner": "nlewo",
        "repo": "nix2container",
        "rev": "f5a379d2e95f04e980bc238a3c6c03eccf400632",
        "type": "github"
      },
      "original": {
        "owner": "nlewo",
        "repo": "nix2container",
        "type": "github"
      }
    },
    "nixpkgs": {
      "locked": {
        "lastModified": 1642451377,
        "narHash": "sha256-hvAuYDUN8XIrcQKE6wDw4LjTCcwrTp2B1i1i/5vfDMQ=",
        "owner": "NixOS",
        "repo": "nixpkgs",
        "rev": "e5b47c5c21336e3fdd887d24c7e34363fa09c6d7",
        "type": "github"
      },
      "original": {
        "owner": "NixOS",
        "repo": "nixpkgs",
        "type": "github"
      }
    },
    "nixpkgs_2": {
      "locked": {
        "lastModified": 1644124959,
        "narHash": "sha256-5EP5SkkFOSWAsGhN0vZgBXxxpzyxKfMfxt5ZsBRk3pA=",
        "owner": "nixos",
        "repo": "nixpkgs",
        "rev": "216ba6176787d23a98a6014eb5461bfb9dcd1149",
        "type": "github"
      },
      "original": {
        "owner": "nixos",
        "repo": "nixpkgs",
        "type": "github"
      }
    },
    "root": {
      "inputs": {
        "flake-utils": "flake-utils",
        "googleapis": "googleapis",
        "lnrpc": "lnrpc",
        "nix2container": "nix2container",
        "nixpkgs": "nixpkgs_2"
      }
    }
  },
  "root": "root",
  "version": 7
}
