{
  "nodes": {
    "flake-utils": {
      "locked": {
        "lastModified": 1678901627,
        "narHash": "sha256-U02riOqrKKzwjsxc/400XnElV+UtPUQWpANPlyazjH0=",
        "owner": "numtide",
        "repo": "flake-utils",
        "rev": "93a2b84fc4b70d9e089d029deacc3583435c2ed6",
        "type": "github"
      },
      "original": {
        "owner": "numtide",
        "repo": "flake-utils",
        "type": "github"
      }
    },
    "flake-utils_2": {
      "locked": {
        "lastModified": 1653893745,
        "narHash": "sha256-0jntwV3Z8//YwuOjzhV2sgJJPt+HY6KhU7VZUL0fKZQ=",
        "owner": "numtide",
        "repo": "flake-utils",
        "rev": "1ed9fb1935d260de5fe1c2f7ee0ebaae17ed2fa1",
        "type": "github"
      },
      "original": {
        "owner": "numtide",
        "repo": "flake-utils",
        "type": "github"
      }
    },
    "googleapis": {
      "flake": false,
      "locked": {
        "lastModified": 1680728166,
        "narHash": "sha256-y9KJZulkJWRuRRVgVq+0vq5FhCirNQauPWeGe7LymSs=",
        "owner": "googleapis",
        "repo": "googleapis",
        "rev": "969b95cfbac45b238be19afd7d9a4adf1412d748",
        "type": "github"
      },
      "original": {
        "owner": "googleapis",
        "repo": "googleapis",
        "type": "github"
      }
    },
    "lnrpc": {
      "flake": false,
      "locked": {
        "lastModified": 1680663332,
        "narHash": "sha256-efK/w0FTfAG1QVPR5Hz68a7wsdSnE/A/zklzGhpJ5/o=",
        "owner": "lightningnetwork",
        "repo": "lnd",
        "rev": "981771022bbc23a6b87e4b617c2c61d365463b1a",
        "type": "github"
      },
      "original": {
        "owner": "lightningnetwork",
        "repo": "lnd",
        "type": "github"
      }
    },
    "nix2container": {
      "inputs": {
        "flake-utils": "flake-utils_2",
        "nixpkgs": "nixpkgs"
      },
      "locked": {
        "lastModified": 1677791117,
        "narHash": "sha256-zL4Fc5133KMqX7zCzcPODaBPEblUfgQt2UccNBm34Pc=",
        "owner": "nlewo",
        "repo": "nix2container",
        "rev": "85670cab354f7df69dd4af097c27cf9bc5826cb2",
        "type": "github"
      },
      "original": {
        "owner": "nlewo",
        "repo": "nix2container",
        "type": "github"
      }
    },
    "nixpkgs": {
      "locked": {
        "lastModified": 1677612629,
        "narHash": "sha256-yC+9LfhfwOd5sXFW8TLnDmqVMNYiHXYPGy9BbdpRqfU=",
        "owner": "NixOS",
        "repo": "nixpkgs",
        "rev": "111ca8e0378e88d9decaa1c6dd7597f35d8bc67f",
        "type": "github"
      },
      "original": {
        "owner": "NixOS",
        "repo": "nixpkgs",
        "type": "github"
      }
    },
    "nixpkgs_2": {
      "locked": {
        "lastModified": 1680731726,
        "narHash": "sha256-0zDb3NcqUljmzKwHaxYdofL7GmNqwoUYh7yn6B9LnPI=",
        "owner": "nixos",
        "repo": "nixpkgs",
        "rev": "36ef3d4a85419e922dc5edb390f11e8d37da8f20",
        "type": "github"
      },
      "original": {
        "owner": "nixos",
        "repo": "nixpkgs",
        "type": "github"
      }
    },
    "root": {
      "inputs": {
        "flake-utils": "flake-utils",
        "googleapis": "googleapis",
        "lnrpc": "lnrpc",
        "nix2container": "nix2container",
        "nixpkgs": "nixpkgs_2"
      }
    }
  },
  "root": "root",
  "version": 7
}
