{
  "nodes": {
    "flake-utils": {
      "locked": {
        "lastModified": 1642700792,
        "narHash": "sha256-XqHrk7hFb+zBvRg6Ghl+AZDq03ov6OshJLiSWOoX5es=",
        "owner": "numtide",
        "repo": "flake-utils",
        "rev": "846b2ae0fc4cc943637d3d1def4454213e203cba",
        "type": "github"
      },
      "original": {
        "owner": "numtide",
        "repo": "flake-utils",
        "type": "github"
      }
    },
    "googleapis": {
      "flake": false,
      "locked": {
        "lastModified": 1643994102,
        "narHash": "sha256-Cxuswi+f37Wq6etEGadb1t5p6qV2B8MGN22rdf1Y4vw=",
        "owner": "googleapis",
        "repo": "googleapis",
        "rev": "1f707ab5f82f83644f2812f5f3d94462c72f9870",
        "type": "github"
      },
      "original": {
        "owner": "googleapis",
        "repo": "googleapis",
        "type": "github"
      }
    },
    "lnrpc": {
      "flake": false,
      "locked": {
        "lastModified": 1643919440,
        "narHash": "sha256-ic4n50cEYeILFIc8TcnGqBkud4ZQ/5Gu6OeUIdtY6R4=",
        "owner": "lightningnetwork",
        "repo": "lnd",
        "rev": "f6ba5be35193819e30666475505d36cf11d28530",
        "type": "github"
      },
      "original": {
        "owner": "lightningnetwork",
        "repo": "lnd",
        "type": "github"
      }
    },
    "nixpkgs": {
      "locked": {
        "lastModified": 1644124959,
        "narHash": "sha256-5EP5SkkFOSWAsGhN0vZgBXxxpzyxKfMfxt5ZsBRk3pA=",
        "owner": "nixos",
        "repo": "nixpkgs",
        "rev": "216ba6176787d23a98a6014eb5461bfb9dcd1149",
        "type": "github"
      },
      "original": {
        "owner": "nixos",
        "repo": "nixpkgs",
        "type": "github"
      }
    },
    "root": {
      "inputs": {
        "flake-utils": "flake-utils",
        "googleapis": "googleapis",
        "lnrpc": "lnrpc",
        "nixpkgs": "nixpkgs"
      }
    }
  },
  "root": "root",
  "version": 7
}
